github.com/pkg/term v0.0.0-20200520122047-c3ffed290a03 h1:pd4YKIqCB0U7O2I4gWHgEUA2mCEOENmco0l/bM957bU=
github.com/pkg/term v0.0.0-20200520122047-c3ffed290a03/go.mod h1:Z9+Ul5bCbBKnbCvdOWbLqTHhJiYV414CURZJba6L8qA=
github.com/smartystreets/assertions v1.1.1 h1:T/YLemO5Yp7KPzS+lVtu+WsHn8yoSwTfItdAd1r3cck=
github.com/smartystreets/assertions v1.1.1/go.mod h1:tcbTF8ujkAEcZ8TElKY+i30BzYlVhC/LOxJk7iOWnoo=
github.com/smartystreets/gunit v1.3.5 h1:PHi00yCLhp5iMriOsl2B3a3yns/6DwXiJdkaeuUWyvQ=
github.com/smartystreets/gunit v1.3.5/go.mod h1:ZjM1ozSIMJlAz/ay4SG8PeKF00ckUp+zMHZXV9/bvak=
golang.org/x/sys v0.0.0-20200806125547-5acd03effb82 h1:6cBnXxYO+CiRVrChvCosSv7magqTPbyAgz1M8iOv5wM=
golang.org/x/sys v0.0.0-20200806125547-5acd03effb82/go.mod h1:h1NjWce9XRLGQEsW7wpKNCjG9DtNlClVuFLEZdDNbEs=
